
Microsoft Visual Studio Solution File, Format Version 12.00
# Visual Studio Version 17
VisualStudioVersion = 17.8.34309.116
MinimumVisualStudioVersion = 10.0.40219.1
Project("{FAE04EC0-301F-11D3-BF4B-00C04F79EFBC}") = "Hello World Tester", "Hello World Tester\Hello World Tester.csproj", "{25B0696E-AB5B-41C1-9EE0-C7AB293857E7}"
EndProject
Global
	GlobalSection(SolutionConfigurationPlatforms) = preSolution
		Debug|Any CPU = Debug|Any CPU
		Release|Any CPU = Release|Any CPU
	EndGlobalSection
	GlobalSection(ProjectConfigurationPlatforms) = postSolution
		{25B0696E-AB5B-41C1-9EE0-C7AB293857E7}.Debug|Any CPU.ActiveCfg = Debug|Any CPU
		{25B0696E-AB5B-41C1-9EE0-C7AB293857E7}.Debug|Any CPU.Build.0 = Debug|Any CPU
		{25B0696E-AB5B-41C1-9EE0-C7AB293857E7}.Release|Any CPU.ActiveCfg = Release|Any CPU
		{25B0696E-AB5B-41C1-9EE0-C7AB293857E7}.Release|Any CPU.Build.0 = Release|Any CPU
	EndGlobalSection
	GlobalSection(SolutionProperties) = preSolution
		HideSolutionNode = FALSE
	EndGlobalSection
	GlobalSection(ExtensibilityGlobals) = postSolution
		SolutionGuid = {2AD3147B-6FDE-4547-BE78-E9F63C2E65D8}
	EndGlobalSection
EndGlobal
